
Microsoft Visual Studio Solution File, Format Version 12.00
# Visual Studio Version 17
VisualStudioVersion = 17.11.35327.3
MinimumVisualStudioVersion = 10.0.40219.1
Project("{FAE04EC0-301F-11D3-BF4B-00C04F79EFBC}") = "ASPNETMOD192", "ASPNETMOD192\ASPNETMOD192.csproj", "{2C85FAEB-4A14-45AA-A54A-E52404D96FB5}"
EndProject
Global
	GlobalSection(SolutionConfigurationPlatforms) = preSolution
		Debug|Any CPU = Debug|Any CPU
		Release|Any CPU = Release|Any CPU
	EndGlobalSection
	GlobalSection(ProjectConfigurationPlatforms) = postSolution
		{2C85FAEB-4A14-45AA-A54A-E52404D96FB5}.Debug|Any CPU.ActiveCfg = Debug|Any CPU
		{2C85FAEB-4A14-45AA-A54A-E52404D96FB5}.Debug|Any CPU.Build.0 = Debug|Any CPU
		{2C85FAEB-4A14-45AA-A54A-E52404D96FB5}.Release|Any CPU.ActiveCfg = Release|Any CPU
		{2C85FAEB-4A14-45AA-A54A-E52404D96FB5}.Release|Any CPU.Build.0 = Release|Any CPU
	EndGlobalSection
	GlobalSection(SolutionProperties) = preSolution
		HideSolutionNode = FALSE
	EndGlobalSection
	GlobalSection(ExtensibilityGlobals) = postSolution
		SolutionGuid = {BFC481BE-DD9F-4C58-BD9F-41F0284AFE77}
	EndGlobalSection
EndGlobal
